
Microsoft Visual Studio Solution File, Format Version 12.00
# Visual Studio Version 16
VisualStudioVersion = 16.0.29709.97
MinimumVisualStudioVersion = 10.0.40219.1
Project("{FAE04EC0-301F-11D3-BF4B-00C04F79EFBC}") = "Roadmap", "Roadmap\Roadmap.csproj", "{0621BD64-7AEE-4A1C-8E98-B2A162990BE0}"
EndProject
Global
	GlobalSection(SolutionConfigurationPlatforms) = preSolution
		Debug|Any CPU = Debug|Any CPU
		Release|Any CPU = Release|Any CPU
	EndGlobalSection
	GlobalSection(ProjectConfigurationPlatforms) = postSolution
		{0621BD64-7AEE-4A1C-8E98-B2A162990BE0}.Debug|Any CPU.ActiveCfg = Debug|Any CPU
		{0621BD64-7AEE-4A1C-8E98-B2A162990BE0}.Debug|Any CPU.Build.0 = Debug|Any CPU
		{0621BD64-7AEE-4A1C-8E98-B2A162990BE0}.Release|Any CPU.ActiveCfg = Release|Any CPU
		{0621BD64-7AEE-4A1C-8E98-B2A162990BE0}.Release|Any CPU.Build.0 = Release|Any CPU
	EndGlobalSection
	GlobalSection(SolutionProperties) = preSolution
		HideSolutionNode = FALSE
	EndGlobalSection
	GlobalSection(ExtensibilityGlobals) = postSolution
		SolutionGuid = {2D8D1FE7-96EE-47AD-B43B-F183B52F46F4}
	EndGlobalSection
EndGlobal
